PODS:
  - Flutter (1.0.0)
  - muffin (0.0.1):
    - Flutter

DEPENDENCIES:
  - Flutter (from `Flutter`)
  - muffin (from `.symlinks/plugins/muffin/ios`)

EXTERNAL SOURCES:
  Flutter:
    :path: Flutter
  muffin:
    :path: ".symlinks/plugins/muffin/ios"

SPEC CHECKSUMS:
  Flutter: 50d75fe2f02b26cc09d224853bb45737f8b3214a
  muffin: a956b90b5a7475f5f116bb6fe8c46b246582b1cf

PODFILE CHECKSUM: 8e679eca47255a8ca8067c4c67aab20e64cb974d

COCOAPODS: 1.10.2
